
Microsoft Visual Studio Solution File, Format Version 12.00
# Visual Studio Version 16
VisualStudioVersion = 25.0.1706.8
MinimumVisualStudioVersion = 10.0.40219.1
Project("{FAE04EC0-301F-11D3-BF4B-00C04F79EFBC}") = "xamarin.Android", "xamarin\xamarin.Android\xamarin.Android.csproj", "{A1F63431-2448-458E-8767-600D4B320F0E}"
EndProject
Project("{FAE04EC0-301F-11D3-BF4B-00C04F79EFBC}") = "xamarin.iOS", "xamarin\xamarin.iOS\xamarin.iOS.csproj", "{66904E96-0182-40A1-82F3-1AB6EAA79467}"
EndProject
Project("{FAE04EC0-301F-11D3-BF4B-00C04F79EFBC}") = "xamarin", "xamarin\xamarin\xamarin.csproj", "{23A1BD37-9609-45D3-99E6-68C208A21E92}"
EndProject
Project("{FAE04EC0-301F-11D3-BF4B-00C04F79EFBC}") = "Security", "Security\Security.csproj", "{B8C18A4A-30E0-467E-93C8-09751B8CC462}"
EndProject
Project("{FAE04EC0-301F-11D3-BF4B-00C04F79EFBC}") = "PassbookTicketGenerator", "PassbookTicketGenerator\PassbookTicketGenerator.csproj", "{B0CC6590-0FBD-4EC3-BD1F-7327F222A4B6}"
EndProject
Project("{FAE04EC0-301F-11D3-BF4B-00C04F79EFBC}") = "ElectronicTicketGenerator", "ElectronicTicketGenerator\ElectronicTicketGenerator.csproj", "{E7E6643C-B116-4C85-A811-34F5A5F7E572}"
EndProject
Global
	GlobalSection(SolutionConfigurationPlatforms) = preSolution
		Debug|Any CPU = Debug|Any CPU
		Release|Any CPU = Release|Any CPU
		Debug|iPhoneSimulator = Debug|iPhoneSimulator
		Release|iPhoneSimulator = Release|iPhoneSimulator
		Debug|iPhone = Debug|iPhone
		Release|iPhone = Release|iPhone
		ReleaseHn|Any CPU = ReleaseHn|Any CPU
		ReleaseCO|Any CPU = ReleaseCO|Any CPU
		ReleaseCr|Any CPU = ReleaseCr|Any CPU
		ReleaseMX|Any CPU = ReleaseMX|Any CPU
		ReleaseGT|Any CPU = ReleaseGT|Any CPU
	EndGlobalSection
	GlobalSection(ProjectConfigurationPlatforms) = postSolution
		{A1F63431-2448-458E-8767-600D4B320F0E}.Debug|Any CPU.ActiveCfg = Debug|Any CPU
		{A1F63431-2448-458E-8767-600D4B320F0E}.Debug|Any CPU.Build.0 = Debug|Any CPU
		{A1F63431-2448-458E-8767-600D4B320F0E}.Release|Any CPU.ActiveCfg = Release|Any CPU
		{A1F63431-2448-458E-8767-600D4B320F0E}.Release|Any CPU.Build.0 = Release|Any CPU
		{A1F63431-2448-458E-8767-600D4B320F0E}.Debug|iPhoneSimulator.ActiveCfg = Debug|Any CPU
		{A1F63431-2448-458E-8767-600D4B320F0E}.Debug|iPhoneSimulator.Build.0 = Debug|Any CPU
		{A1F63431-2448-458E-8767-600D4B320F0E}.Release|iPhoneSimulator.ActiveCfg = Release|Any CPU
		{A1F63431-2448-458E-8767-600D4B320F0E}.Release|iPhoneSimulator.Build.0 = Release|Any CPU
		{A1F63431-2448-458E-8767-600D4B320F0E}.Debug|iPhone.ActiveCfg = Debug|Any CPU
		{A1F63431-2448-458E-8767-600D4B320F0E}.Debug|iPhone.Build.0 = Debug|Any CPU
		{A1F63431-2448-458E-8767-600D4B320F0E}.Release|iPhone.ActiveCfg = Release|Any CPU
		{A1F63431-2448-458E-8767-600D4B320F0E}.Release|iPhone.Build.0 = Release|Any CPU
		{A1F63431-2448-458E-8767-600D4B320F0E}.ReleaseHn|Any CPU.ActiveCfg = Debug|Any CPU
		{A1F63431-2448-458E-8767-600D4B320F0E}.ReleaseHn|Any CPU.Build.0 = Debug|Any CPU
		{A1F63431-2448-458E-8767-600D4B320F0E}.ReleaseCO|Any CPU.ActiveCfg = Debug|Any CPU
		{A1F63431-2448-458E-8767-600D4B320F0E}.ReleaseCO|Any CPU.Build.0 = Debug|Any CPU
		{A1F63431-2448-458E-8767-600D4B320F0E}.ReleaseCr|Any CPU.ActiveCfg = Debug|Any CPU
		{A1F63431-2448-458E-8767-600D4B320F0E}.ReleaseCr|Any CPU.Build.0 = Debug|Any CPU
		{A1F63431-2448-458E-8767-600D4B320F0E}.ReleaseMX|Any CPU.ActiveCfg = Debug|Any CPU
		{A1F63431-2448-458E-8767-600D4B320F0E}.ReleaseMX|Any CPU.Build.0 = Debug|Any CPU
		{A1F63431-2448-458E-8767-600D4B320F0E}.ReleaseGT|Any CPU.ActiveCfg = Debug|Any CPU
		{A1F63431-2448-458E-8767-600D4B320F0E}.ReleaseGT|Any CPU.Build.0 = Debug|Any CPU
		{66904E96-0182-40A1-82F3-1AB6EAA79467}.Debug|Any CPU.ActiveCfg = Debug|iPhoneSimulator
		{66904E96-0182-40A1-82F3-1AB6EAA79467}.Debug|Any CPU.Build.0 = Debug|iPhoneSimulator
		{66904E96-0182-40A1-82F3-1AB6EAA79467}.Release|Any CPU.ActiveCfg = Release|iPhoneSimulator
		{66904E96-0182-40A1-82F3-1AB6EAA79467}.Release|Any CPU.Build.0 = Release|iPhoneSimulator
		{66904E96-0182-40A1-82F3-1AB6EAA79467}.Debug|iPhoneSimulator.ActiveCfg = Debug|iPhoneSimulator
		{66904E96-0182-40A1-82F3-1AB6EAA79467}.Debug|iPhoneSimulator.Build.0 = Debug|iPhoneSimulator
		{66904E96-0182-40A1-82F3-1AB6EAA79467}.Release|iPhoneSimulator.ActiveCfg = Release|iPhoneSimulator
		{66904E96-0182-40A1-82F3-1AB6EAA79467}.Release|iPhoneSimulator.Build.0 = Release|iPhoneSimulator
		{66904E96-0182-40A1-82F3-1AB6EAA79467}.Debug|iPhone.ActiveCfg = Debug|iPhone
		{66904E96-0182-40A1-82F3-1AB6EAA79467}.Debug|iPhone.Build.0 = Debug|iPhone
		{66904E96-0182-40A1-82F3-1AB6EAA79467}.Release|iPhone.ActiveCfg = Release|iPhone
		{66904E96-0182-40A1-82F3-1AB6EAA79467}.Release|iPhone.Build.0 = Release|iPhone
		{66904E96-0182-40A1-82F3-1AB6EAA79467}.ReleaseHn|Any CPU.ActiveCfg = Debug|iPhoneSimulator
		{66904E96-0182-40A1-82F3-1AB6EAA79467}.ReleaseHn|Any CPU.Build.0 = Debug|iPhoneSimulator
		{66904E96-0182-40A1-82F3-1AB6EAA79467}.ReleaseCO|Any CPU.ActiveCfg = Debug|iPhoneSimulator
		{66904E96-0182-40A1-82F3-1AB6EAA79467}.ReleaseCO|Any CPU.Build.0 = Debug|iPhoneSimulator
		{66904E96-0182-40A1-82F3-1AB6EAA79467}.ReleaseCr|Any CPU.ActiveCfg = Debug|iPhoneSimulator
		{66904E96-0182-40A1-82F3-1AB6EAA79467}.ReleaseCr|Any CPU.Build.0 = Debug|iPhoneSimulator
		{66904E96-0182-40A1-82F3-1AB6EAA79467}.ReleaseMX|Any CPU.ActiveCfg = Debug|iPhoneSimulator
		{66904E96-0182-40A1-82F3-1AB6EAA79467}.ReleaseMX|Any CPU.Build.0 = Debug|iPhoneSimulator
		{66904E96-0182-40A1-82F3-1AB6EAA79467}.ReleaseGT|Any CPU.ActiveCfg = Debug|iPhoneSimulator
		{66904E96-0182-40A1-82F3-1AB6EAA79467}.ReleaseGT|Any CPU.Build.0 = Debug|iPhoneSimulator
		{23A1BD37-9609-45D3-99E6-68C208A21E92}.Debug|Any CPU.ActiveCfg = Debug|Any CPU
		{23A1BD37-9609-45D3-99E6-68C208A21E92}.Debug|Any CPU.Build.0 = Debug|Any CPU
		{23A1BD37-9609-45D3-99E6-68C208A21E92}.Release|Any CPU.ActiveCfg = Release|Any CPU
		{23A1BD37-9609-45D3-99E6-68C208A21E92}.Release|Any CPU.Build.0 = Release|Any CPU
		{23A1BD37-9609-45D3-99E6-68C208A21E92}.Debug|iPhoneSimulator.ActiveCfg = Debug|Any CPU
		{23A1BD37-9609-45D3-99E6-68C208A21E92}.Debug|iPhoneSimulator.Build.0 = Debug|Any CPU
		{23A1BD37-9609-45D3-99E6-68C208A21E92}.Release|iPhoneSimulator.ActiveCfg = Release|Any CPU
		{23A1BD37-9609-45D3-99E6-68C208A21E92}.Release|iPhoneSimulator.Build.0 = Release|Any CPU
		{23A1BD37-9609-45D3-99E6-68C208A21E92}.Debug|iPhone.ActiveCfg = Debug|Any CPU
		{23A1BD37-9609-45D3-99E6-68C208A21E92}.Debug|iPhone.Build.0 = Debug|Any CPU
		{23A1BD37-9609-45D3-99E6-68C208A21E92}.Release|iPhone.ActiveCfg = Release|Any CPU
		{23A1BD37-9609-45D3-99E6-68C208A21E92}.Release|iPhone.Build.0 = Release|Any CPU
		{23A1BD37-9609-45D3-99E6-68C208A21E92}.ReleaseHn|Any CPU.ActiveCfg = Debug|Any CPU
		{23A1BD37-9609-45D3-99E6-68C208A21E92}.ReleaseHn|Any CPU.Build.0 = Debug|Any CPU
		{23A1BD37-9609-45D3-99E6-68C208A21E92}.ReleaseCO|Any CPU.ActiveCfg = Debug|Any CPU
		{23A1BD37-9609-45D3-99E6-68C208A21E92}.ReleaseCO|Any CPU.Build.0 = Debug|Any CPU
		{23A1BD37-9609-45D3-99E6-68C208A21E92}.ReleaseCr|Any CPU.ActiveCfg = Debug|Any CPU
		{23A1BD37-9609-45D3-99E6-68C208A21E92}.ReleaseCr|Any CPU.Build.0 = Debug|Any CPU
		{23A1BD37-9609-45D3-99E6-68C208A21E92}.ReleaseMX|Any CPU.ActiveCfg = Debug|Any CPU
		{23A1BD37-9609-45D3-99E6-68C208A21E92}.ReleaseMX|Any CPU.Build.0 = Debug|Any CPU
		{23A1BD37-9609-45D3-99E6-68C208A21E92}.ReleaseGT|Any CPU.ActiveCfg = Debug|Any CPU
		{23A1BD37-9609-45D3-99E6-68C208A21E92}.ReleaseGT|Any CPU.Build.0 = Debug|Any CPU
		{B8C18A4A-30E0-467E-93C8-09751B8CC462}.Debug|Any CPU.ActiveCfg = Debug|Any CPU
		{B8C18A4A-30E0-467E-93C8-09751B8CC462}.Debug|Any CPU.Build.0 = Debug|Any CPU
		{B8C18A4A-30E0-467E-93C8-09751B8CC462}.Release|Any CPU.ActiveCfg = Release|Any CPU
		{B8C18A4A-30E0-467E-93C8-09751B8CC462}.Release|Any CPU.Build.0 = Release|Any CPU
		{B8C18A4A-30E0-467E-93C8-09751B8CC462}.Debug|iPhoneSimulator.ActiveCfg = Debug|Any CPU
		{B8C18A4A-30E0-467E-93C8-09751B8CC462}.Debug|iPhoneSimulator.Build.0 = Debug|Any CPU
		{B8C18A4A-30E0-467E-93C8-09751B8CC462}.Release|iPhoneSimulator.ActiveCfg = Release|Any CPU
		{B8C18A4A-30E0-467E-93C8-09751B8CC462}.Release|iPhoneSimulator.Build.0 = Release|Any CPU
		{B8C18A4A-30E0-467E-93C8-09751B8CC462}.Debug|iPhone.ActiveCfg = Debug|Any CPU
		{B8C18A4A-30E0-467E-93C8-09751B8CC462}.Debug|iPhone.Build.0 = Debug|Any CPU
		{B8C18A4A-30E0-467E-93C8-09751B8CC462}.Release|iPhone.ActiveCfg = Release|Any CPU
		{B8C18A4A-30E0-467E-93C8-09751B8CC462}.Release|iPhone.Build.0 = Release|Any CPU
		{B8C18A4A-30E0-467E-93C8-09751B8CC462}.ReleaseHn|Any CPU.ActiveCfg = ReleaseHn|Any CPU
		{B8C18A4A-30E0-467E-93C8-09751B8CC462}.ReleaseHn|Any CPU.Build.0 = ReleaseHn|Any CPU
		{B8C18A4A-30E0-467E-93C8-09751B8CC462}.ReleaseCO|Any CPU.ActiveCfg = ReleaseCO|Any CPU
		{B8C18A4A-30E0-467E-93C8-09751B8CC462}.ReleaseCO|Any CPU.Build.0 = ReleaseCO|Any CPU
		{B8C18A4A-30E0-467E-93C8-09751B8CC462}.ReleaseCr|Any CPU.ActiveCfg = ReleaseCr|Any CPU
		{B8C18A4A-30E0-467E-93C8-09751B8CC462}.ReleaseCr|Any CPU.Build.0 = ReleaseCr|Any CPU
		{B8C18A4A-30E0-467E-93C8-09751B8CC462}.ReleaseMX|Any CPU.ActiveCfg = ReleaseMX|Any CPU
		{B8C18A4A-30E0-467E-93C8-09751B8CC462}.ReleaseMX|Any CPU.Build.0 = ReleaseMX|Any CPU
		{B8C18A4A-30E0-467E-93C8-09751B8CC462}.ReleaseGT|Any CPU.ActiveCfg = ReleaseGT|Any CPU
		{B8C18A4A-30E0-467E-93C8-09751B8CC462}.ReleaseGT|Any CPU.Build.0 = ReleaseGT|Any CPU
		{B0CC6590-0FBD-4EC3-BD1F-7327F222A4B6}.Debug|Any CPU.ActiveCfg = Debug|Any CPU
		{B0CC6590-0FBD-4EC3-BD1F-7327F222A4B6}.Debug|Any CPU.Build.0 = Debug|Any CPU
		{B0CC6590-0FBD-4EC3-BD1F-7327F222A4B6}.Release|Any CPU.ActiveCfg = Release|Any CPU
		{B0CC6590-0FBD-4EC3-BD1F-7327F222A4B6}.Release|Any CPU.Build.0 = Release|Any CPU
		{B0CC6590-0FBD-4EC3-BD1F-7327F222A4B6}.Debug|iPhoneSimulator.ActiveCfg = Debug|Any CPU
		{B0CC6590-0FBD-4EC3-BD1F-7327F222A4B6}.Debug|iPhoneSimulator.Build.0 = Debug|Any CPU
		{B0CC6590-0FBD-4EC3-BD1F-7327F222A4B6}.Release|iPhoneSimulator.ActiveCfg = Release|Any CPU
		{B0CC6590-0FBD-4EC3-BD1F-7327F222A4B6}.Release|iPhoneSimulator.Build.0 = Release|Any CPU
		{B0CC6590-0FBD-4EC3-BD1F-7327F222A4B6}.Debug|iPhone.ActiveCfg = Debug|Any CPU
		{B0CC6590-0FBD-4EC3-BD1F-7327F222A4B6}.Debug|iPhone.Build.0 = Debug|Any CPU
		{B0CC6590-0FBD-4EC3-BD1F-7327F222A4B6}.Release|iPhone.ActiveCfg = Release|Any CPU
		{B0CC6590-0FBD-4EC3-BD1F-7327F222A4B6}.Release|iPhone.Build.0 = Release|Any CPU
		{B0CC6590-0FBD-4EC3-BD1F-7327F222A4B6}.ReleaseHn|Any CPU.ActiveCfg = ReleaseHn|Any CPU
		{B0CC6590-0FBD-4EC3-BD1F-7327F222A4B6}.ReleaseHn|Any CPU.Build.0 = ReleaseHn|Any CPU
		{B0CC6590-0FBD-4EC3-BD1F-7327F222A4B6}.ReleaseCO|Any CPU.ActiveCfg = ReleaseCO|Any CPU
		{B0CC6590-0FBD-4EC3-BD1F-7327F222A4B6}.ReleaseCO|Any CPU.Build.0 = ReleaseCO|Any CPU
		{B0CC6590-0FBD-4EC3-BD1F-7327F222A4B6}.ReleaseCr|Any CPU.ActiveCfg = ReleaseCr|Any CPU
		{B0CC6590-0FBD-4EC3-BD1F-7327F222A4B6}.ReleaseCr|Any CPU.Build.0 = ReleaseCr|Any CPU
		{B0CC6590-0FBD-4EC3-BD1F-7327F222A4B6}.ReleaseMX|Any CPU.ActiveCfg = ReleaseMX|Any CPU
		{B0CC6590-0FBD-4EC3-BD1F-7327F222A4B6}.ReleaseMX|Any CPU.Build.0 = ReleaseMX|Any CPU
		{B0CC6590-0FBD-4EC3-BD1F-7327F222A4B6}.ReleaseGT|Any CPU.ActiveCfg = ReleaseGT|Any CPU
		{B0CC6590-0FBD-4EC3-BD1F-7327F222A4B6}.ReleaseGT|Any CPU.Build.0 = ReleaseGT|Any CPU
		{E7E6643C-B116-4C85-A811-34F5A5F7E572}.Debug|Any CPU.ActiveCfg = Debug|Any CPU
		{E7E6643C-B116-4C85-A811-34F5A5F7E572}.Debug|Any CPU.Build.0 = Debug|Any CPU
		{E7E6643C-B116-4C85-A811-34F5A5F7E572}.Release|Any CPU.ActiveCfg = Release|Any CPU
		{E7E6643C-B116-4C85-A811-34F5A5F7E572}.Release|Any CPU.Build.0 = Release|Any CPU
		{E7E6643C-B116-4C85-A811-34F5A5F7E572}.Debug|iPhoneSimulator.ActiveCfg = Debug|Any CPU
		{E7E6643C-B116-4C85-A811-34F5A5F7E572}.Debug|iPhoneSimulator.Build.0 = Debug|Any CPU
		{E7E6643C-B116-4C85-A811-34F5A5F7E572}.Release|iPhoneSimulator.ActiveCfg = Release|Any CPU
		{E7E6643C-B116-4C85-A811-34F5A5F7E572}.Release|iPhoneSimulator.Build.0 = Release|Any CPU
		{E7E6643C-B116-4C85-A811-34F5A5F7E572}.Debug|iPhone.ActiveCfg = Debug|Any CPU
		{E7E6643C-B116-4C85-A811-34F5A5F7E572}.Debug|iPhone.Build.0 = Debug|Any CPU
		{E7E6643C-B116-4C85-A811-34F5A5F7E572}.Release|iPhone.ActiveCfg = Release|Any CPU
		{E7E6643C-B116-4C85-A811-34F5A5F7E572}.Release|iPhone.Build.0 = Release|Any CPU
		{E7E6643C-B116-4C85-A811-34F5A5F7E572}.ReleaseHn|Any CPU.ActiveCfg = ReleaseHn|Any CPU
		{E7E6643C-B116-4C85-A811-34F5A5F7E572}.ReleaseHn|Any CPU.Build.0 = ReleaseHn|Any CPU
		{E7E6643C-B116-4C85-A811-34F5A5F7E572}.ReleaseCO|Any CPU.ActiveCfg = ReleaseCO|Any CPU
		{E7E6643C-B116-4C85-A811-34F5A5F7E572}.ReleaseCO|Any CPU.Build.0 = ReleaseCO|Any CPU
		{E7E6643C-B116-4C85-A811-34F5A5F7E572}.ReleaseCr|Any CPU.ActiveCfg = ReleaseCr|Any CPU
		{E7E6643C-B116-4C85-A811-34F5A5F7E572}.ReleaseCr|Any CPU.Build.0 = ReleaseCr|Any CPU
		{E7E6643C-B116-4C85-A811-34F5A5F7E572}.ReleaseMX|Any CPU.ActiveCfg = ReleaseMX|Any CPU
		{E7E6643C-B116-4C85-A811-34F5A5F7E572}.ReleaseMX|Any CPU.Build.0 = ReleaseMX|Any CPU
		{E7E6643C-B116-4C85-A811-34F5A5F7E572}.ReleaseGT|Any CPU.ActiveCfg = ReleaseGT|Any CPU
		{E7E6643C-B116-4C85-A811-34F5A5F7E572}.ReleaseGT|Any CPU.Build.0 = ReleaseGT|Any CPU
	EndGlobalSection
	GlobalSection(SolutionProperties) = preSolution
		HideSolutionNode = FALSE
	EndGlobalSection
	GlobalSection(ExtensibilityGlobals) = postSolution
		SolutionGuid = {C1BE04DB-FAB6-4A82-8ED3-928210573DC5}
	EndGlobalSection
EndGlobal
